
Microsoft Visual Studio Solution File, Format Version 12.00
# Visual Studio Version 17
VisualStudioVersion = 17.0.32002.185
MinimumVisualStudioVersion = 10.0.40219.1
Project("{9A19103F-16F7-4668-BE54-9A1E7A4F7556}") = "CubivoxServer", "CubivoxServer\CubivoxServer.csproj", "{DFE10C43-74D5-49D1-95FC-7204435135FD}"
EndProject
Project("{FAE04EC0-301F-11D3-BF4B-00C04F79EFBC}") = "CubivoxCore", "CubivoxCore\CubivoxCore.csproj", "{0F1B6DC0-81F4-45CE-96BE-C512B2F1043A}"
EndProject
Global
	GlobalSection(SolutionConfigurationPlatforms) = preSolution
		Debug|Any CPU = Debug|Any CPU
		Release|Any CPU = Release|Any CPU
	EndGlobalSection
	GlobalSection(ProjectConfigurationPlatforms) = postSolution
		{DFE10C43-74D5-49D1-95FC-7204435135FD}.Debug|Any CPU.ActiveCfg = Debug|Any CPU
		{DFE10C43-74D5-49D1-95FC-7204435135FD}.Debug|Any CPU.Build.0 = Debug|Any CPU
		{DFE10C43-74D5-49D1-95FC-7204435135FD}.Release|Any CPU.ActiveCfg = Release|Any CPU
		{DFE10C43-74D5-49D1-95FC-7204435135FD}.Release|Any CPU.Build.0 = Release|Any CPU
		{0F1B6DC0-81F4-45CE-96BE-C512B2F1043A}.Debug|Any CPU.ActiveCfg = Debug|Any CPU
		{0F1B6DC0-81F4-45CE-96BE-C512B2F1043A}.Debug|Any CPU.Build.0 = Debug|Any CPU
		{0F1B6DC0-81F4-45CE-96BE-C512B2F1043A}.Release|Any CPU.ActiveCfg = Release|Any CPU
		{0F1B6DC0-81F4-45CE-96BE-C512B2F1043A}.Release|Any CPU.Build.0 = Release|Any CPU
	EndGlobalSection
	GlobalSection(SolutionProperties) = preSolution
		HideSolutionNode = FALSE
	EndGlobalSection
	GlobalSection(ExtensibilityGlobals) = postSolution
		SolutionGuid = {4A9691DC-A592-47F6-B1C2-A5F80B1B67CE}
	EndGlobalSection
EndGlobal
